{
  "pins" : [
    {
      "identity" : "codescanner",
      "kind" : "remoteSourceControl",
      "location" : "https://github.com/twostraws/CodeScanner.git",
      "state" : {
        "revision" : "bf5d7087015620b250ee6c865b3c9039fc159d1a",
        "version" : "2.3.3"
      }
    },
    {
      "identity" : "gordonkirschapi",
      "kind" : "remoteSourceControl",
      "location" : "https://github.com/fantasia-y/GordonKirschAPI.git",
      "state" : {
        "revision" : "7cee2d7c86c0d19b3ac498baf193c549265cea6b",
        "version" : "1.0.4"
      }
    },
    {
      "identity" : "gordonkirschutils",
      "kind" : "remoteSourceControl",
      "location" : "https://github.com/fantasia-y/GordonKirschUtils.git",
      "state" : {
        "revision" : "32e6f713340d881bb4ecb626654b97cf8366ef76",
        "version" : "1.0.5"
      }
    },
    {
      "identity" : "jwtdecode.swift",
      "kind" : "remoteSourceControl",
      "location" : "https://github.com/auth0/JWTDecode.swift",
      "state" : {
        "revision" : "58af7278797871e460d79496621b3e5366b865b2",
        "version" : "3.1.0"
      }
    },
    {
      "identity" : "keychain-swift",
      "kind" : "remoteSourceControl",
      "location" : "https://github.com/evgenyneu/keychain-swift.git",
      "state" : {
        "revision" : "d108a1fa6189e661f91560548ef48651ed8d93b9",
        "version" : "20.0.0"
      }
    }
  ],
  "version" : 2
}
